<?xml version="1.0" encoding="utf-8"?>
<Project ToolsVersion="4.0" xmlns="http://schemas.microsoft.com/developer/msbuild/2003">
  <ItemGroup>
    <Filter Include="Исходные файлы">
      <UniqueIdentifier>{4FC737F1-C7A5-4376-A066-2A32D752A2FF}</UniqueIdentifier>
      <Extensions>cpp;c;cc;cxx;def;odl;idl;hpj;bat;asm;asmx</Extensions>
    </Filter>
    <Filter Include="Файлы заголовков">
      <UniqueIdentifier>{93995380-89BD-4b04-88EB-625FBE52EBFB}</UniqueIdentifier>
      <Extensions>h;hh;hpp;hxx;hm;inl;inc;ipp;xsd</Extensions>
    </Filter>
    <Filter Include="Файлы ресурсов">
      <UniqueIdentifier>{67DA6AB6-F800-4c08-8B7A-83BB121AAD01}</UniqueIdentifier>
      <Extensions>rc;ico;cur;bmp;dlg;rc2;rct;bin;rgs;gif;jpg;jpeg;jpe;resx;tiff;tif;png;wav;mfcribbon-ms</Extensions>
    </Filter>
    <Filter Include="Файлы заголовков\classes">
      <UniqueIdentifier>{0003cd1d-40cd-4a3f-9b74-497ca016125e}</UniqueIdentifier>
    </Filter>
    <Filter Include="Исходные файлы\classes">
      <UniqueIdentifier>{65b58421-7842-461d-991a-2deb2f001ccd}</UniqueIdentifier>
    </Filter>
  </ItemGroup>
  <ItemGroup>
    <ClInclude Include="main.h">
      <Filter>Файлы заголовков</Filter>
    </ClInclude>
    <ClInclude Include="sHybrid.h">
      <Filter>Файлы заголовков\classes</Filter>
    </ClInclude>
    <ClInclude Include="sGasEngine.h">
      <Filter>Файлы заголовков\classes</Filter>
    </ClInclude>
    <ClInclude Include="sElectroCar.h">
      <Filter>Файлы заголовков\classes</Filter>
    </ClInclude>
    <ClInclude Include="sCar.h">
      <Filter>Файлы заголовков\classes</Filter>
    </ClInclude>
    <ClInclude Include="structs.h">
      <Filter>Файлы заголовков</Filter>
    </ClInclude>
    <ClInclude Include="test_task.h">
      <Filter>Файлы заголовков\classes</Filter>
    </ClInclude>
  </ItemGroup>
  <ItemGroup>
    <ClCompile Include="test_task.cpp">
      <Filter>Исходные файлы</Filter>
    </ClCompile>
    <ClCompile Include="main.cpp">
      <Filter>Исходные файлы</Filter>
    </ClCompile>
    <ClCompile Include="sCar.cpp">
      <Filter>Исходные файлы\classes</Filter>
    </ClCompile>
    <ClCompile Include="sElectroCar.cpp">
      <Filter>Исходные файлы\classes</Filter>
    </ClCompile>
    <ClCompile Include="sGasEngine.cpp">
      <Filter>Исходные файлы\classes</Filter>
    </ClCompile>
    <ClCompile Include="sHybrid.cpp">
      <Filter>Исходные файлы\classes</Filter>
    </ClCompile>
  </ItemGroup>
</Project>